
Microsoft Visual Studio Solution File, Format Version 12.00
# Visual Studio 2017
Project("{FAE04EC0-301F-11D3-BF4B-00C04F79EFBC}") = "MapPuzzle", "MapPuzzle.csproj", "{AABFC5E5-4531-75B8-A9D1-9CF60559266A}"
EndProject
Project("{FAE04EC0-301F-11D3-BF4B-00C04F79EFBC}") = "MapPuzzle.Editor", "MapPuzzle.Editor.csproj", "{7277986B-576D-402A-3E3E-58593A17C840}"
EndProject
Global
	GlobalSection(SolutionConfigurationPlatforms) = preSolution
		Debug|Any CPU = Debug|Any CPU
		Release|Any CPU = Release|Any CPU
	EndGlobalSection
	GlobalSection(ProjectConfigurationPlatforms) = postSolution
		{AABFC5E5-4531-75B8-A9D1-9CF60559266A}.Debug|Any CPU.ActiveCfg = Debug|Any CPU
		{AABFC5E5-4531-75B8-A9D1-9CF60559266A}.Debug|Any CPU.Build.0 = Debug|Any CPU
		{AABFC5E5-4531-75B8-A9D1-9CF60559266A}.Release|Any CPU.ActiveCfg = Release|Any CPU
		{AABFC5E5-4531-75B8-A9D1-9CF60559266A}.Release|Any CPU.Build.0 = Release|Any CPU
		{7277986B-576D-402A-3E3E-58593A17C840}.Debug|Any CPU.ActiveCfg = Debug|Any CPU
		{7277986B-576D-402A-3E3E-58593A17C840}.Debug|Any CPU.Build.0 = Debug|Any CPU
		{7277986B-576D-402A-3E3E-58593A17C840}.Release|Any CPU.ActiveCfg = Release|Any CPU
		{7277986B-576D-402A-3E3E-58593A17C840}.Release|Any CPU.Build.0 = Release|Any CPU
	EndGlobalSection
	GlobalSection(SolutionProperties) = preSolution
		HideSolutionNode = FALSE
	EndGlobalSection
EndGlobal
